<?xml version="1.0" encoding="utf-8"?>
<Project ToolsVersion="4.0" xmlns="http://schemas.microsoft.com/developer/msbuild/2003">
  <ItemGroup>
    <Filter Include="Source Files">
      <UniqueIdentifier>{4FC737F1-C7A5-4376-A066-2A32D752A2FF}</UniqueIdentifier>
      <Extensions>cpp;c;cc;cxx;c++;cppm;ixx;def;odl;idl;hpj;bat;asm;asmx</Extensions>
    </Filter>
    <Filter Include="Header Files">
      <UniqueIdentifier>{93995380-89BD-4b04-88EB-625FBE52EBFB}</UniqueIdentifier>
      <Extensions>h;hh;hpp;hxx;h++;hm;inl;inc;ipp;xsd</Extensions>
    </Filter>
    <Filter Include="Resource Files">
      <UniqueIdentifier>{67DA6AB6-F800-4c08-8B7A-83BB121AAD01}</UniqueIdentifier>
      <Extensions>rc;ico;cur;bmp;dlg;rc2;rct;bin;rgs;gif;jpg;jpeg;jpe;resx;tiff;tif;png;wav;mfcribbon-ms</Extensions>
    </Filter>
    <Filter Include="Source Files\Scence">
      <UniqueIdentifier>{b4a81c78-1da7-4b2b-803d-5782aa985573}</UniqueIdentifier>
    </Filter>
    <Filter Include="Source Files\Framework">
      <UniqueIdentifier>{4405beb8-4453-442b-a300-974a5ead553a}</UniqueIdentifier>
    </Filter>
    <Filter Include="Source Files\Objects">
      <UniqueIdentifier>{13da0bd1-9f2a-4654-a945-34634072c1e1}</UniqueIdentifier>
    </Filter>
    <Filter Include="Source Files\Objects\Enermies">
      <UniqueIdentifier>{8e875e82-f98f-421b-a19a-55f56437e91a}</UniqueIdentifier>
    </Filter>
    <Filter Include="Source Files\Objects\FBullets">
      <UniqueIdentifier>{65efa93b-b7aa-4550-8ed7-4bd615edd4c0}</UniqueIdentifier>
    </Filter>
    <Filter Include="Source Files\Objects\Materials">
      <UniqueIdentifier>{725b3fac-27ac-4563-918f-5b0355340727}</UniqueIdentifier>
    </Filter>
    <Filter Include="Source Files\Objects\Gates">
      <UniqueIdentifier>{8f600325-869a-4f68-94c0-7002a1713141}</UniqueIdentifier>
    </Filter>
    <Filter Include="Source Files\Objects\Players">
      <UniqueIdentifier>{b5977ca2-09d3-44eb-9d95-7478babf8b51}</UniqueIdentifier>
    </Filter>
  </ItemGroup>
  <ItemGroup>
    <ClInclude Include="framework.h">
      <Filter>Header Files</Filter>
    </ClInclude>
    <ClInclude Include="targetver.h">
      <Filter>Header Files</Filter>
    </ClInclude>
    <ClInclude Include="Resource.h">
      <Filter>Header Files</Filter>
    </ClInclude>
    <ClInclude Include="BlasterMaster.h">
      <Filter>Header Files</Filter>
    </ClInclude>
    <ClInclude Include="Animations.h">
      <Filter>Source Files\Framework</Filter>
    </ClInclude>
    <ClInclude Include="Game.h">
      <Filter>Source Files\Framework</Filter>
    </ClInclude>
    <ClInclude Include="GameObject.h">
      <Filter>Source Files\Framework</Filter>
    </ClInclude>
    <ClInclude Include="Sprites.h">
      <Filter>Source Files\Framework</Filter>
    </ClInclude>
    <ClInclude Include="Textures.h">
      <Filter>Source Files\Framework</Filter>
    </ClInclude>
    <ClInclude Include="KeyEventHandler.h">
      <Filter>Source Files\Scence</Filter>
    </ClInclude>
    <ClInclude Include="PlayScence.h">
      <Filter>Source Files\Scence</Filter>
    </ClInclude>
    <ClInclude Include="Scence.h">
      <Filter>Source Files\Scence</Filter>
    </ClInclude>
    <ClInclude Include="Timer.h">
      <Filter>Source Files\Framework</Filter>
    </ClInclude>
    <ClInclude Include="Bee.h">
      <Filter>Source Files\Objects\Enermies</Filter>
    </ClInclude>
    <ClInclude Include="Bug.h">
      <Filter>Source Files\Objects\Enermies</Filter>
    </ClInclude>
    <ClInclude Include="Brick.h">
      <Filter>Source Files\Objects\Materials</Filter>
    </ClInclude>
    <ClInclude Include="Bullets.h">
      <Filter>Source Files\Objects\FBullets</Filter>
    </ClInclude>
    <ClInclude Include="Doom.h">
      <Filter>Source Files\Objects\Enermies</Filter>
    </ClInclude>
    <ClInclude Include="Item.h">
      <Filter>Source Files\Objects\Materials</Filter>
    </ClInclude>
    <ClInclude Include="MainBullets.h">
      <Filter>Source Files\Objects\FBullets</Filter>
    </ClInclude>
    <ClInclude Include="MayBug.h">
      <Filter>Source Files\Objects\Enermies</Filter>
    </ClInclude>
    <ClInclude Include="Robot.h">
      <Filter>Source Files\Objects\Enermies</Filter>
    </ClInclude>
    <ClInclude Include="Spider.h">
      <Filter>Source Files\Objects\Enermies</Filter>
    </ClInclude>
    <ClInclude Include="SpiderBullets.h">
      <Filter>Source Files\Objects\FBullets</Filter>
    </ClInclude>
    <ClInclude Include="HUD.h">
      <Filter>Source Files\Objects\Materials</Filter>
    </ClInclude>
    <ClInclude Include="HealthBar.h">
      <Filter>Source Files\Objects\Materials</Filter>
    </ClInclude>
    <ClInclude Include="HumanBullets.h">
      <Filter>Source Files\Objects\FBullets</Filter>
    </ClInclude>
    <ClInclude Include="Lava.h">
      <Filter>Source Files\Objects\Enermies</Filter>
    </ClInclude>
    <ClInclude Include="Ladder.h">
      <Filter>Source Files\Objects\Materials</Filter>
    </ClInclude>
    <ClInclude Include="Grid.h">
      <Filter>Source Files\Scence</Filter>
    </ClInclude>
    <ClInclude Include="Camera.h">
      <Filter>Source Files\Scence</Filter>
    </ClInclude>
    <ClInclude Include="Utils.h">
      <Filter>Source Files\Objects\Enermies</Filter>
    </ClInclude>
    <ClInclude Include="Arrows.h">
      <Filter>Source Files\Objects\Enermies</Filter>
    </ClInclude>
    <ClInclude Include="Portal1.h">
      <Filter>Source Files\Objects\Gates</Filter>
    </ClInclude>
    <ClInclude Include="Portal.h">
      <Filter>Source Files\Objects\Gates</Filter>
    </ClInclude>
    <ClInclude Include="BigHuman.h">
      <Filter>Source Files\Objects\Players</Filter>
    </ClInclude>
    <ClInclude Include="Car.h">
      <Filter>Source Files\Objects\Players</Filter>
    </ClInclude>
    <ClInclude Include="Human.h">
      <Filter>Source Files\Objects\Players</Filter>
    </ClInclude>
    <ClInclude Include="Intro.h">
      <Filter>Source Files\Scence</Filter>
    </ClInclude>
    <ClInclude Include="EndGame.h">
      <Filter>Source Files\Scence</Filter>
    </ClInclude>
    <ClInclude Include="Skeleton.h">
      <Filter>Source Files\Objects\Enermies</Filter>
    </ClInclude>
    <ClInclude Include="SkeletonBullet.h">
      <Filter>Source Files\Objects\FBullets</Filter>
    </ClInclude>
    <ClInclude Include="Gunner.h">
      <Filter>Source Files\Objects\Enermies</Filter>
    </ClInclude>
    <ClInclude Include="GunnerBullets.h">
      <Filter>Source Files\Objects\FBullets</Filter>
    </ClInclude>
    <ClInclude Include="MayBug2.h">
      <Filter>Source Files\Objects\Enermies</Filter>
    </ClInclude>
    <ClInclude Include="Mine.h">
      <Filter>Source Files\Objects\Enermies</Filter>
    </ClInclude>
    <ClInclude Include="MineBullets.h">
      <Filter>Source Files\Objects\FBullets</Filter>
    </ClInclude>
    <ClInclude Include="Eyeball.h">
      <Filter>Source Files\Objects\Enermies</Filter>
    </ClInclude>
    <ClInclude Include="EyeballBullets.h">
      <Filter>Source Files\Objects\FBullets</Filter>
    </ClInclude>
    <ClInclude Include="Tele.h">
      <Filter>Source Files\Objects\Enermies</Filter>
    </ClInclude>
    <ClInclude Include="Boss.h">
      <Filter>Source Files\Objects\Enermies</Filter>
    </ClInclude>
    <ClInclude Include="BossHand.h">
      <Filter>Source Files\Objects\Enermies</Filter>
    </ClInclude>
    <ClInclude Include="FlangeHand.h">
      <Filter>Source Files\Objects\Enermies</Filter>
    </ClInclude>
    <ClInclude Include="BossBullets.h">
      <Filter>Source Files\Objects\FBullets</Filter>
    </ClInclude>
  </ItemGroup>
  <ItemGroup>
    <ClCompile Include="Animations.cpp">
      <Filter>Source Files\Framework</Filter>
    </ClCompile>
    <ClCompile Include="Game.cpp">
      <Filter>Source Files\Framework</Filter>
    </ClCompile>
    <ClCompile Include="GameObject.cpp">
      <Filter>Source Files\Framework</Filter>
    </ClCompile>
    <ClCompile Include="Sprites.cpp">
      <Filter>Source Files\Framework</Filter>
    </ClCompile>
    <ClCompile Include="Textures.cpp">
      <Filter>Source Files\Framework</Filter>
    </ClCompile>
    <ClCompile Include="Utils.cpp">
      <Filter>Source Files\Framework</Filter>
    </ClCompile>
    <ClCompile Include="KeyEventHandler.cpp">
      <Filter>Source Files\Scence</Filter>
    </ClCompile>
    <ClCompile Include="PlayScence.cpp">
      <Filter>Source Files\Scence</Filter>
    </ClCompile>
    <ClCompile Include="Scence.cpp">
      <Filter>Source Files\Scence</Filter>
    </ClCompile>
    <ClCompile Include="main.cpp">
      <Filter>Source Files</Filter>
    </ClCompile>
    <ClCompile Include="Bee.cpp">
      <Filter>Source Files\Objects\Enermies</Filter>
    </ClCompile>
    <ClCompile Include="Bug.cpp">
      <Filter>Source Files\Objects\Enermies</Filter>
    </ClCompile>
    <ClCompile Include="Brick.cpp">
      <Filter>Source Files\Objects\Materials</Filter>
    </ClCompile>
    <ClCompile Include="Bullets.cpp">
      <Filter>Source Files\Objects\FBullets</Filter>
    </ClCompile>
    <ClCompile Include="Doom.cpp">
      <Filter>Source Files\Objects\Enermies</Filter>
    </ClCompile>
    <ClCompile Include="Item.cpp">
      <Filter>Source Files\Objects\Materials</Filter>
    </ClCompile>
    <ClCompile Include="MainBullets.cpp">
      <Filter>Source Files\Objects\FBullets</Filter>
    </ClCompile>
    <ClCompile Include="MayBug.cpp">
      <Filter>Source Files\Objects\Enermies</Filter>
    </ClCompile>
    <ClCompile Include="Robot.cpp">
      <Filter>Source Files\Objects\Enermies</Filter>
    </ClCompile>
    <ClCompile Include="Spider.cpp">
      <Filter>Source Files\Objects\Enermies</Filter>
    </ClCompile>
    <ClCompile Include="SpiderBullets.cpp">
      <Filter>Source Files\Objects\FBullets</Filter>
    </ClCompile>
    <ClCompile Include="HealthBar.cpp">
      <Filter>Source Files\Objects\Materials</Filter>
    </ClCompile>
    <ClCompile Include="HUD.cpp">
      <Filter>Source Files\Objects\Materials</Filter>
    </ClCompile>
    <ClCompile Include="HumanBullets.cpp">
      <Filter>Source Files\Objects\FBullets</Filter>
    </ClCompile>
    <ClCompile Include="Lava.cpp">
      <Filter>Source Files\Objects\Enermies</Filter>
    </ClCompile>
    <ClCompile Include="Ladder.cpp">
      <Filter>Source Files\Objects\Materials</Filter>
    </ClCompile>
    <ClCompile Include="Grid.cpp">
      <Filter>Source Files\Scence</Filter>
    </ClCompile>
    <ClCompile Include="Camera.cpp">
      <Filter>Source Files\Scence</Filter>
    </ClCompile>
    <ClCompile Include="Arrows.cpp">
      <Filter>Source Files\Objects\Enermies</Filter>
    </ClCompile>
    <ClCompile Include="Portal1.cpp">
      <Filter>Source Files\Objects\Gates</Filter>
    </ClCompile>
    <ClCompile Include="Portal.cpp">
      <Filter>Source Files\Objects\Gates</Filter>
    </ClCompile>
    <ClCompile Include="Car.cpp">
      <Filter>Source Files\Objects\Players</Filter>
    </ClCompile>
    <ClCompile Include="BigHuman.cpp">
      <Filter>Source Files\Objects\Players</Filter>
    </ClCompile>
    <ClCompile Include="Human.cpp">
      <Filter>Source Files\Objects\Players</Filter>
    </ClCompile>
    <ClCompile Include="Intro.cpp">
      <Filter>Source Files\Scence</Filter>
    </ClCompile>
    <ClCompile Include="EndGame.cpp">
      <Filter>Source Files\Scence</Filter>
    </ClCompile>
    <ClCompile Include="Skeleton.cpp">
      <Filter>Source Files\Objects\Enermies</Filter>
    </ClCompile>
    <ClCompile Include="SkeletonBullet.cpp">
      <Filter>Source Files\Objects\FBullets</Filter>
    </ClCompile>
    <ClCompile Include="Gunner.cpp">
      <Filter>Source Files\Objects\Enermies</Filter>
    </ClCompile>
    <ClCompile Include="GunnerBullets.cpp">
      <Filter>Source Files\Objects\FBullets</Filter>
    </ClCompile>
    <ClCompile Include="MayBug2.cpp">
      <Filter>Source Files\Objects\Enermies</Filter>
    </ClCompile>
    <ClCompile Include="Mine.cpp">
      <Filter>Source Files\Objects\Enermies</Filter>
    </ClCompile>
    <ClCompile Include="MineBullets.cpp">
      <Filter>Source Files\Objects\FBullets</Filter>
    </ClCompile>
    <ClCompile Include="Eyeball.cpp">
      <Filter>Source Files\Objects\Enermies</Filter>
    </ClCompile>
    <ClCompile Include="EyeballBullets.cpp">
      <Filter>Source Files\Objects\FBullets</Filter>
    </ClCompile>
    <ClCompile Include="Tele.cpp">
      <Filter>Source Files\Objects\Enermies</Filter>
    </ClCompile>
    <ClCompile Include="Boss.cpp">
      <Filter>Source Files\Objects\Enermies</Filter>
    </ClCompile>
    <ClCompile Include="BossHand.cpp">
      <Filter>Source Files\Objects\Enermies</Filter>
    </ClCompile>
    <ClCompile Include="FlangeHand.cpp">
      <Filter>Source Files\Objects\Enermies</Filter>
    </ClCompile>
    <ClCompile Include="BossBullets.cpp">
      <Filter>Source Files\Objects\FBullets</Filter>
    </ClCompile>
  </ItemGroup>
  <ItemGroup>
    <ResourceCompile Include="BlasterMaster.rc">
      <Filter>Resource Files</Filter>
    </ResourceCompile>
  </ItemGroup>
</Project>